#
# This file is autogenerated by pip-compile with Python 3.12
# by the following command:
#
#    pip-compile --allow-unsafe --extra=dev --no-index --output-file=requirements-dev.lock pyproject.toml
#
alembic==1.20.0
    # via vocabulary-app (pyproject.toml)
annotated-doc==0.0.5
    # via fastapi
annotated-types==0.8.0
    # via pydantic
anyio==4.15.1
    # via
    #   httpx
    #   starlette
    #   watchfiles
ast-serialize==0.11.2
    # via mypy
build==1.6.1
    # via pip-tools
certifi==2026.7.22
    # via
    #   httpcore
    #   httpx
chardet==7.6.0
    # via diff-cover
click==8.5.0
    # via
    #   import-linter
    #   pip-tools
    #   uvicorn
coverage[toml]==7.16.2
    # via pytest-cov
diff-cover==10.6.0
    # via vocabulary-app (pyproject.toml)
execnet==2.1.2
    # via pytest-xdist
fastapi==0.141.1
    # via vocabulary-app (pyproject.toml)
grimp==3.17
    # via import-linter
h11==0.16.0
    # via
    #   httpcore
    #   uvicorn
httpcore==1.0.9
    # via httpx
httptools==0.8.0
    # via uvicorn
httpx==0.28.1
    # via vocabulary-app (pyproject.toml)
idna==3.20
    # via
    #   anyio
    #   httpx
import-linter==2.15
    # via vocabulary-app (pyproject.toml)
iniconfig==2.3.0
    # via pytest
jinja2==3.1.6
    # via diff-cover
librt==0.16.0
    # via mypy
mako==1.4.3
    # via alembic
markdown-it-py==4.2.0
    # via rich
markupsafe==3.0.3
    # via
    #   jinja2
    #   mako
mdurl==0.1.2
    # via markdown-it-py
mypy==2.3.1
    # via vocabulary-app (pyproject.toml)
mypy-extensions==1.1.0
    # via mypy
packaging==26.3
    # via
    #   build
    #   pytest
    #   wheel
pathspec==1.1.1
    # via mypy
pip-tools==7.6.1
    # via vocabulary-app (pyproject.toml)
pluggy==1.6.0
    # via
    #   diff-cover
    #   pytest
    #   pytest-cov
pydantic==2.13.5
    # via
    #   fastapi
    #   vocabulary-app (pyproject.toml)
pydantic-core==2.46.5
    # via pydantic
pygments==2.21.0
    # via
    #   diff-cover
    #   pytest
    #   rich
pyproject-hooks==1.3.3
    # via
    #   build
    #   pip-tools
pytest==9.1.1
    # via
    #   pytest-cov
    #   pytest-xdist
    #   vocabulary-app (pyproject.toml)
pytest-cov==7.1.0
    # via vocabulary-app (pyproject.toml)
pytest-xdist==3.8.0
    # via vocabulary-app (pyproject.toml)
python-dotenv==1.2.3
    # via uvicorn
pyyaml==6.0.3
    # via uvicorn
rich==15.0.0
    # via import-linter
ruff==0.16.9
    # via vocabulary-app (pyproject.toml)
sqlalchemy==2.1.1
    # via
    #   alembic
    #   vocabulary-app (pyproject.toml)
starlette==1.7.0
    # via fastapi
typing-extensions==4.16.0
    # via
    #   alembic
    #   anyio
    #   fastapi
    #   import-linter
    #   mypy
    #   pydantic
    #   pydantic-core
    #   sqlalchemy
    #   starlette
    #   typing-inspection
typing-inspection==0.4.4
    # via
    #   fastapi
    #   pydantic
uvicorn[standard]==0.54.0
    # via vocabulary-app (pyproject.toml)
uvloop==0.22.1
    # via uvicorn
watchfiles==1.3.0
    # via uvicorn
websockets==17.1
    # via uvicorn
wheel==0.48.0
    # via pip-tools

# The following packages are considered to be unsafe in a requirements file:
pip==26.2.1
    # via pip-tools
setuptools==84.0.0
    # via pip-tools
